
Microsoft Visual Studio Solution File, Format Version 12.00
# Visual Studio Version 16
VisualStudioVersion = 16.0.30711.63
MinimumVisualStudioVersion = 10.0.40219.1
Project("{FAE04EC0-301F-11D3-BF4B-00C04F79EFBC}") = "GameDemo", "GameDemo\GameDemo.csproj", "{3CB88595-6455-49F7-8E54-B10EB20808D0}"
EndProject
Global
	GlobalSection(SolutionConfigurationPlatforms) = preSolution
		Debug|Any CPU = Debug|Any CPU
		Release|Any CPU = Release|Any CPU
	EndGlobalSection
	GlobalSection(ProjectConfigurationPlatforms) = postSolution
		{3CB88595-6455-49F7-8E54-B10EB20808D0}.Debug|Any CPU.ActiveCfg = Debug|Any CPU
		{3CB88595-6455-49F7-8E54-B10EB20808D0}.Debug|Any CPU.Build.0 = Debug|Any CPU
		{3CB88595-6455-49F7-8E54-B10EB20808D0}.Release|Any CPU.ActiveCfg = Release|Any CPU
		{3CB88595-6455-49F7-8E54-B10EB20808D0}.Release|Any CPU.Build.0 = Release|Any CPU
	EndGlobalSection
	GlobalSection(SolutionProperties) = preSolution
		HideSolutionNode = FALSE
	EndGlobalSection
	GlobalSection(ExtensibilityGlobals) = postSolution
		SolutionGuid = {58EBC428-8F13-4493-B8B5-EA8EBD3CBE7D}
	EndGlobalSection
EndGlobal
